
Microsoft Visual Studio Solution File, Format Version 12.00
# Visual Studio Version 17
VisualStudioVersion = 17.10.34928.147
MinimumVisualStudioVersion = 10.0.40219.1
Project("{FAE04EC0-301F-11D3-BF4B-00C04F79EFBC}") = "C# 03.11.2022", "C# 03.11.2022 zadanie 1\C# 03.11.2022.csproj", "{4113CCB7-F1FC-487A-9DCE-64CFD5F787BF}"
EndProject
Global
	GlobalSection(SolutionConfigurationPlatforms) = preSolution
		Debug|Any CPU = Debug|Any CPU
		Release|Any CPU = Release|Any CPU
	EndGlobalSection
	GlobalSection(ProjectConfigurationPlatforms) = postSolution
		{4113CCB7-F1FC-487A-9DCE-64CFD5F787BF}.Debug|Any CPU.ActiveCfg = Debug|Any CPU
		{4113CCB7-F1FC-487A-9DCE-64CFD5F787BF}.Debug|Any CPU.Build.0 = Debug|Any CPU
		{4113CCB7-F1FC-487A-9DCE-64CFD5F787BF}.Release|Any CPU.ActiveCfg = Release|Any CPU
		{4113CCB7-F1FC-487A-9DCE-64CFD5F787BF}.Release|Any CPU.Build.0 = Release|Any CPU
	EndGlobalSection
	GlobalSection(SolutionProperties) = preSolution
		HideSolutionNode = FALSE
	EndGlobalSection
	GlobalSection(ExtensibilityGlobals) = postSolution
		SolutionGuid = {C003788B-BCFB-4618-9C68-7F8B87426BFD}
	EndGlobalSection
EndGlobal
